
Microsoft Visual Studio Solution File, Format Version 12.00
# Visual Studio Version 17
VisualStudioVersion = 17.2.32616.157
MinimumVisualStudioVersion = 10.0.40219.1
Project("{FAE04EC0-301F-11D3-BF4B-00C04F79EFBC}") = "AmbulanceWorkloadManagementSystem", "AmbulanceWorkloadManagementSystem\AmbulanceWorkloadManagementSystem.csproj", "{24CB5B50-B437-41C6-AD38-51DE3673AE0B}"
EndProject
Global
	GlobalSection(SolutionConfigurationPlatforms) = preSolution
		Debug|Any CPU = Debug|Any CPU
		Release|Any CPU = Release|Any CPU
	EndGlobalSection
	GlobalSection(ProjectConfigurationPlatforms) = postSolution
		{24CB5B50-B437-41C6-AD38-51DE3673AE0B}.Debug|Any CPU.ActiveCfg = Debug|Any CPU
		{24CB5B50-B437-41C6-AD38-51DE3673AE0B}.Debug|Any CPU.Build.0 = Debug|Any CPU
		{24CB5B50-B437-41C6-AD38-51DE3673AE0B}.Release|Any CPU.ActiveCfg = Release|Any CPU
		{24CB5B50-B437-41C6-AD38-51DE3673AE0B}.Release|Any CPU.Build.0 = Release|Any CPU
	EndGlobalSection
	GlobalSection(SolutionProperties) = preSolution
		HideSolutionNode = FALSE
	EndGlobalSection
	GlobalSection(ExtensibilityGlobals) = postSolution
		SolutionGuid = {857EC9A1-ED4C-43CD-AFC5-DD9ABC32E169}
	EndGlobalSection
EndGlobal
